
Microsoft Visual Studio Solution File, Format Version 12.00
# Visual Studio Version 17
VisualStudioVersion = 17.4.33122.133
MinimumVisualStudioVersion = 10.0.40219.1
Project("{FAE04EC0-301F-11D3-BF4B-00C04F79EFBC}") = "WebFayre", "WebFayre.csproj", "{E0931E34-97A9-47A6-B1FE-1101E62326C8}"
EndProject
Global
	GlobalSection(SolutionConfigurationPlatforms) = preSolution
		Debug|Any CPU = Debug|Any CPU
		Release|Any CPU = Release|Any CPU
	EndGlobalSection
	GlobalSection(ProjectConfigurationPlatforms) = postSolution
		{E0931E34-97A9-47A6-B1FE-1101E62326C8}.Debug|Any CPU.ActiveCfg = Debug|Any CPU
		{E0931E34-97A9-47A6-B1FE-1101E62326C8}.Debug|Any CPU.Build.0 = Debug|Any CPU
		{E0931E34-97A9-47A6-B1FE-1101E62326C8}.Release|Any CPU.ActiveCfg = Release|Any CPU
		{E0931E34-97A9-47A6-B1FE-1101E62326C8}.Release|Any CPU.Build.0 = Release|Any CPU
	EndGlobalSection
	GlobalSection(SolutionProperties) = preSolution
		HideSolutionNode = FALSE
	EndGlobalSection
	GlobalSection(ExtensibilityGlobals) = postSolution
		SolutionGuid = {CFD55C70-8BB8-4911-9AB9-BB815B03AAB3}
	EndGlobalSection
EndGlobal
